# THIS IS AN AUTOGENERATED FILE. DO NOT EDIT THIS FILE DIRECTLY.
# yarn lockfile v1


customize-cra@^0.9.1:
  version "0.9.1"
  resolved "https://registry.npmjs.org/customize-cra/-/customize-cra-0.9.1.tgz#76b42c4f537c16329eccc09cfefd804d04c81550"
  integrity sha512-LISruJ6ak6u+HVQ2vPI+HE4inpPugB73KB9YIpE2J1TW5L1Vrjzm3l2Yupyy+1alJGwAd5GAb5Hfc9qmSUuHow==
  dependencies:
    lodash.flow "^3.5.0"

lodash.flow@^3.5.0:
  version "3.5.0"
  resolved "https://registry.npmjs.org/lodash.flow/-/lodash.flow-3.5.0.tgz#87bf40292b8cf83e4e8ce1a3ae4209e20071675a"
  integrity sha1-h79AKSuM+D5OjOGjrkIJ4gBxZ1o=

react-app-rewired@^2.1.6:
  version "2.1.6"
  resolved "https://registry.npmjs.org/react-app-rewired/-/react-app-rewired-2.1.6.tgz#33ee3076a7f34d6a7c94e649cac67e7c8c580de8"
  integrity sha512-06flj0kK5tf/RN4naRv/sn6j3sQd7rsURoRLKLpffXDzJeNiAaTNic+0I8Basojy5WDwREkTqrMLewSAjcb13w==
  dependencies:
    semver "^5.6.0"

semver@^5.6.0:
  version "5.7.1"
  resolved "https://registry.npmjs.org/semver/-/semver-5.7.1.tgz#a954f931aeba508d307bbf069eff0c01c96116f7"
  integrity sha512-sauaDf/PZdVgrLTNYHRtpXa1iRiKcaebiKQ1BJdpQlWH2lCvexQdX55snPFyK7QzpudqbCI0qXFfOasHdyNDGQ==
